
Microsoft Visual Studio Solution File, Format Version 12.00
# Visual Studio Version 16
VisualStudioVersion = 16.0.29728.190
MinimumVisualStudioVersion = 10.0.40219.1
Project("{FAE04EC0-301F-11D3-BF4B-00C04F79EFBC}") = "CSharpPatternMatchingCheckpoint", "CSharpPatternMatchingCheckpoint.csproj", "{FE28876A-5118-4A30-806A-51E32DE74397}"
EndProject
Global
	GlobalSection(SolutionConfigurationPlatforms) = preSolution
		Debug|Any CPU = Debug|Any CPU
		Release|Any CPU = Release|Any CPU
	EndGlobalSection
	GlobalSection(ProjectConfigurationPlatforms) = postSolution
		{FE28876A-5118-4A30-806A-51E32DE74397}.Debug|Any CPU.ActiveCfg = Debug|Any CPU
		{FE28876A-5118-4A30-806A-51E32DE74397}.Debug|Any CPU.Build.0 = Debug|Any CPU
		{FE28876A-5118-4A30-806A-51E32DE74397}.Release|Any CPU.ActiveCfg = Release|Any CPU
		{FE28876A-5118-4A30-806A-51E32DE74397}.Release|Any CPU.Build.0 = Release|Any CPU
	EndGlobalSection
	GlobalSection(SolutionProperties) = preSolution
		HideSolutionNode = FALSE
	EndGlobalSection
	GlobalSection(ExtensibilityGlobals) = postSolution
		SolutionGuid = {A6F42518-5B04-4EAE-AFB5-71493C99CB3D}
	EndGlobalSection
EndGlobal
